// !$*UTF8*$!
{
	archiveVersion = 1;
	classes = {
	};
	objectVersion = 48;
	objects = {

/* Begin PBXBuildFile section */
		03B441DE8174B2A6A9CD2734 /* libPods-IpsLocation_Demo.a in Frameworks */ = {isa = PBXBuildFile; fileRef = A6214E7BA90B9383A72C0FC1 /* libPods-IpsLocation_Demo.a */; };
		3FF346F21F90C064001F34C7 /* AppDelegate.m in Sources */ = {isa = PBXBuildFile; fileRef = 3FF346F11F90C064001F34C7 /* AppDelegate.m */; };
		3FF346FA1F90C064001F34C7 /* Assets.xcassets in Resources */ = {isa = PBXBuildFile; fileRef = 3FF346F91F90C064001F34C7 /* Assets.xcassets */; };
		3FF346FD1F90C064001F34C7 /* LaunchScreen.storyboard in Resources */ = {isa = PBXBuildFile; fileRef = 3FF346FB1F90C064001F34C7 /* LaunchScreen.storyboard */; };
		3FF347001F90C064001F34C7 /* main.m in Sources */ = {isa = PBXBuildFile; fileRef = 3FF346FF1F90C064001F34C7 /* main.m */; };
		3FF3470A1F90C1B3001F34C7 /* ExampleLocationViewController.m in Sources */ = {isa = PBXBuildFile; fileRef = 3FF347061F90C1B2001F34C7 /* ExampleLocationViewController.m */; };
		3FF3470B1F90C1B3001F34C7 /* ExampleListViewController.m in Sources */ = {isa = PBXBuildFile; fileRef = 3FF347091F90C1B3001F34C7 /* ExampleListViewController.m */; };
/* End PBXBuildFile section */

/* Begin PBXFileReference section */
		035F39830085C95243B14573 /* Pods-IpsLocation_Demo.release.xcconfig */ = {isa = PBXFileReference; includeInIndex = 1; lastKnownFileType = text.xcconfig; name = "Pods-IpsLocation_Demo.release.xcconfig"; path = "Pods/Target Support Files/Pods-IpsLocation_Demo/Pods-IpsLocation_Demo.release.xcconfig"; sourceTree = "<group>"; };
		2F371B18603A6D3C945E57C2 /* Pods-IpsLocation_Demo.debug.xcconfig */ = {isa = PBXFileReference; includeInIndex = 1; lastKnownFileType = text.xcconfig; name = "Pods-IpsLocation_Demo.debug.xcconfig"; path = "Pods/Target Support Files/Pods-IpsLocation_Demo/Pods-IpsLocation_Demo.debug.xcconfig"; sourceTree = "<group>"; };
		3FB63A571F949AAE00B778C1 /* APIKey.h */ = {isa = PBXFileReference; lastKnownFileType = sourcecode.c.h; path = APIKey.h; sourceTree = "<group>"; };
		3FF346ED1F90C064001F34C7 /* IpsLocation_Demo.app */ = {isa = PBXFileReference; explicitFileType = wrapper.application; includeInIndex = 0; path = IpsLocation_Demo.app; sourceTree = BUILT_PRODUCTS_DIR; };
		3FF346F01F90C064001F34C7 /* AppDelegate.h */ = {isa = PBXFileReference; lastKnownFileType = sourcecode.c.h; path = AppDelegate.h; sourceTree = "<group>"; };
		3FF346F11F90C064001F34C7 /* AppDelegate.m */ = {isa = PBXFileReference; lastKnownFileType = sourcecode.c.objc; path = AppDelegate.m; sourceTree = "<group>"; };
		3FF346F91F90C064001F34C7 /* Assets.xcassets */ = {isa = PBXFileReference; lastKnownFileType = folder.assetcatalog; path = Assets.xcassets; sourceTree = "<group>"; };
		3FF346FC1F90C064001F34C7 /* Base */ = {isa = PBXFileReference; lastKnownFileType = file.storyboard; name = Base; path = Base.lproj/LaunchScreen.storyboard; sourceTree = "<group>"; };
		3FF346FE1F90C064001F34C7 /* Info.plist */ = {isa = PBXFileReference; lastKnownFileType = text.plist.xml; path = Info.plist; sourceTree = "<group>"; };
		3FF346FF1F90C064001F34C7 /* main.m */ = {isa = PBXFileReference; lastKnownFileType = sourcecode.c.objc; path = main.m; sourceTree = "<group>"; };
		3FF347061F90C1B2001F34C7 /* ExampleLocationViewController.m */ = {isa = PBXFileReference; lastKnownFileType = sourcecode.c.objc; path = ExampleLocationViewController.m; sourceTree = "<group>"; };
		3FF347071F90C1B2001F34C7 /* ExampleListViewController.h */ = {isa = PBXFileReference; lastKnownFileType = sourcecode.c.h; path = ExampleListViewController.h; sourceTree = "<group>"; };
		3FF347081F90C1B3001F34C7 /* ExampleLocationViewController.h */ = {isa = PBXFileReference; lastKnownFileType = sourcecode.c.h; path = ExampleLocationViewController.h; sourceTree = "<group>"; };
		3FF347091F90C1B3001F34C7 /* ExampleListViewController.m */ = {isa = PBXFileReference; lastKnownFileType = sourcecode.c.objc; path = ExampleListViewController.m; sourceTree = "<group>"; };
		A6214E7BA90B9383A72C0FC1 /* libPods-IpsLocation_Demo.a */ = {isa = PBXFileReference; explicitFileType = archive.ar; includeInIndex = 0; path = "libPods-IpsLocation_Demo.a"; sourceTree = BUILT_PRODUCTS_DIR; };
/* End PBXFileReference section */

/* Begin PBXFrameworksBuildPhase section */
		3FF346EA1F90C064001F34C7 /* Frameworks */ = {
			isa = PBXFrameworksBuildPhase;
			buildActionMask = 2147483647;
			files = (
				03B441DE8174B2A6A9CD2734 /* libPods-IpsLocation_Demo.a in Frameworks */,
			);
			runOnlyForDeploymentPostprocessing = 0;
		};
/* End PBXFrameworksBuildPhase section */

/* Begin PBXGroup section */
		3FF346E41F90C064001F34C7 = {
			isa = PBXGroup;
			children = (
				3FF346EF1F90C064001F34C7 /* IpsLocation_Demo */,
				3FF346EE1F90C064001F34C7 /* Products */,
				DDDC7B380E1E0D8E2403871E /* Pods */,
				AD6FC0946E6AC4E9A7391E5B /* Frameworks */,
			);
			sourceTree = "<group>";
		};
		3FF346EE1F90C064001F34C7 /* Products */ = {
			isa = PBXGroup;
			children = (
				3FF346ED1F90C064001F34C7 /* IpsLocation_Demo.app */,
			);
			name = Products;
			sourceTree = "<group>";
		};
		3FF346EF1F90C064001F34C7 /* IpsLocation_Demo */ = {
			isa = PBXGroup;
			children = (
				3FB63A571F949AAE00B778C1 /* APIKey.h */,
				3FF346F01F90C064001F34C7 /* AppDelegate.h */,
				3FF346F11F90C064001F34C7 /* AppDelegate.m */,
				3FF347071F90C1B2001F34C7 /* ExampleListViewController.h */,
				3FF347091F90C1B3001F34C7 /* ExampleListViewController.m */,
				3FF347081F90C1B3001F34C7 /* ExampleLocationViewController.h */,
				3FF347061F90C1B2001F34C7 /* ExampleLocationViewController.m */,
				3FF346F91F90C064001F34C7 /* Assets.xcassets */,
				3FF346FB1F90C064001F34C7 /* LaunchScreen.storyboard */,
				3FF346FE1F90C064001F34C7 /* Info.plist */,
				3FF346FF1F90C064001F34C7 /* main.m */,
			);
			path = IpsLocation_Demo;
			sourceTree = "<group>";
		};
		AD6FC0946E6AC4E9A7391E5B /* Frameworks */ = {
			isa = PBXGroup;
			children = (
				A6214E7BA90B9383A72C0FC1 /* libPods-IpsLocation_Demo.a */,
			);
			name = Frameworks;
			sourceTree = "<group>";
		};
		DDDC7B380E1E0D8E2403871E /* Pods */ = {
			isa = PBXGroup;
			children = (
				2F371B18603A6D3C945E57C2 /* Pods-IpsLocation_Demo.debug.xcconfig */,
				035F39830085C95243B14573 /* Pods-IpsLocation_Demo.release.xcconfig */,
			);
			name = Pods;
			sourceTree = "<group>";
		};
/* End PBXGroup section */

/* Begin PBXNativeTarget section */
		3FF346EC1F90C064001F34C7 /* IpsLocation_Demo */ = {
			isa = PBXNativeTarget;
			buildConfigurationList = 3FF347031F90C064001F34C7 /* Build configuration list for PBXNativeTarget "IpsLocation_Demo" */;
			buildPhases = (
				B2842B525C8089AF691643B9 /* [CP] Check Pods Manifest.lock */,
				3FF346E91F90C064001F34C7 /* Sources */,
				3FF346EA1F90C064001F34C7 /* Frameworks */,
				3FF346EB1F90C064001F34C7 /* Resources */,
				8D7A78F3ADB081C6FEB96BE6 /* [CP] Embed Pods Frameworks */,
			);
			buildRules = (
			);
			dependencies = (
			);
			name = IpsLocation_Demo;
			productName = IpsLocation_Demo;
			productReference = 3FF346ED1F90C064001F34C7 /* IpsLocation_Demo.app */;
			productType = "com.apple.product-type.application";
		};
/* End PBXNativeTarget section */

/* Begin PBXProject section */
		3FF346E51F90C064001F34C7 /* Project object */ = {
			isa = PBXProject;
			attributes = {
				LastUpgradeCheck = 0900;
				ORGANIZATIONNAME = zhangty;
				TargetAttributes = {
					3FF346EC1F90C064001F34C7 = {
						CreatedOnToolsVersion = 9.0;
						ProvisioningStyle = Automatic;
					};
				};
			};
			buildConfigurationList = 3FF346E81F90C064001F34C7 /* Build configuration list for PBXProject "IpsLocation_Demo" */;
			compatibilityVersion = "Xcode 8.0";
			developmentRegion = en;
			hasScannedForEncodings = 0;
			knownRegions = (
				en,
				Base,
			);
			mainGroup = 3FF346E41F90C064001F34C7;
			productRefGroup = 3FF346EE1F90C064001F34C7 /* Products */;
			projectDirPath = "";
			projectRoot = "";
			targets = (
				3FF346EC1F90C064001F34C7 /* IpsLocation_Demo */,
			);
		};
/* End PBXProject section */

/* Begin PBXResourcesBuildPhase section */
		3FF346EB1F90C064001F34C7 /* Resources */ = {
			isa = PBXResourcesBuildPhase;
			buildActionMask = 2147483647;
			files = (
				3FF346FD1F90C064001F34C7 /* LaunchScreen.storyboard in Resources */,
				3FF346FA1F90C064001F34C7 /* Assets.xcassets in Resources */,
			);
			runOnlyForDeploymentPostprocessing = 0;
		};
/* End PBXResourcesBuildPhase section */

/* Begin PBXShellScriptBuildPhase section */
		8D7A78F3ADB081C6FEB96BE6 /* [CP] Embed Pods Frameworks */ = {
			isa = PBXShellScriptBuildPhase;
			buildActionMask = 2147483647;
			files = (
			);
			inputPaths = (
				"${SRCROOT}/Pods/Target Support Files/Pods-IpsLocation_Demo/Pods-IpsLocation_Demo-frameworks.sh",
				"${PODS_ROOT}/../../IpsLocation/IpsLocation.framework",
			);
			name = "[CP] Embed Pods Frameworks";
			outputPaths = (
				"${TARGET_BUILD_DIR}/${FRAMEWORKS_FOLDER_PATH}/IpsLocation.framework",
			);
			runOnlyForDeploymentPostprocessing = 0;
			shellPath = /bin/sh;
			shellScript = "\"${SRCROOT}/Pods/Target Support Files/Pods-IpsLocation_Demo/Pods-IpsLocation_Demo-frameworks.sh\"\n";
			showEnvVarsInLog = 0;
		};
		B2842B525C8089AF691643B9 /* [CP] Check Pods Manifest.lock */ = {
			isa = PBXShellScriptBuildPhase;
			buildActionMask = 2147483647;
			files = (
			);
			inputPaths = (
				"${PODS_PODFILE_DIR_PATH}/Podfile.lock",
				"${PODS_ROOT}/Manifest.lock",
			);
			name = "[CP] Check Pods Manifest.lock";
			outputPaths = (
				"$(DERIVED_FILE_DIR)/Pods-IpsLocation_Demo-checkManifestLockResult.txt",
			);
			runOnlyForDeploymentPostprocessing = 0;
			shellPath = /bin/sh;
			shellScript = "diff \"${PODS_PODFILE_DIR_PATH}/Podfile.lock\" \"${PODS_ROOT}/Manifest.lock\" > /dev/null\nif [ $? != 0 ] ; then\n    # print error to STDERR\n    echo \"error: The sandbox is not in sync with the Podfile.lock. Run 'pod install' or update your CocoaPods installation.\" >&2\n    exit 1\nfi\n# This output is used by Xcode 'outputs' to avoid re-running this script phase.\necho \"SUCCESS\" > \"${SCRIPT_OUTPUT_FILE_0}\"\n";
			showEnvVarsInLog = 0;
		};
/* End PBXShellScriptBuildPhase section */

/* Begin PBXSourcesBuildPhase section */
		3FF346E91F90C064001F34C7 /* Sources */ = {
			isa = PBXSourcesBuildPhase;
			buildActionMask = 2147483647;
			files = (
				3FF3470B1F90C1B3001F34C7 /* ExampleListViewController.m in Sources */,
				3FF347001F90C064001F34C7 /* main.m in Sources */,
				3FF3470A1F90C1B3001F34C7 /* ExampleLocationViewController.m in Sources */,
				3FF346F21F90C064001F34C7 /* AppDelegate.m in Sources */,
			);
			runOnlyForDeploymentPostprocessing = 0;
		};
/* End PBXSourcesBuildPhase section */

/* Begin PBXVariantGroup section */
		3FF346FB1F90C064001F34C7 /* LaunchScreen.storyboard */ = {
			isa = PBXVariantGroup;
			children = (
				3FF346FC1F90C064001F34C7 /* Base */,
			);
			name = LaunchScreen.storyboard;
			sourceTree = "<group>";
		};
/* End PBXVariantGroup section */

/* Begin XCBuildConfiguration section */
		3FF347011F90C064001F34C7 /* Debug */ = {
			isa = XCBuildConfiguration;
			buildSettings = {
				ALWAYS_SEARCH_USER_PATHS = NO;
				CLANG_ANALYZER_NONNULL = YES;
				CLANG_ANALYZER_NUMBER_OBJECT_CONVERSION = YES_AGGRESSIVE;
				CLANG_CXX_LANGUAGE_STANDARD = "gnu++14";
				CLANG_CXX_LIBRARY = "libc++";
				CLANG_ENABLE_MODULES = YES;
				CLANG_ENABLE_OBJC_ARC = YES;
				CLANG_WARN_BLOCK_CAPTURE_AUTORELEASING = YES;
				CLANG_WARN_BOOL_CONVERSION = YES;
				CLANG_WARN_COMMA = YES;
				CLANG_WARN_CONSTANT_CONVERSION = YES;
				CLANG_WARN_DIRECT_OBJC_ISA_USAGE = YES_ERROR;
				CLANG_WARN_DOCUMENTATION_COMMENTS = YES;
				CLANG_WARN_EMPTY_BODY = YES;
				CLANG_WARN_ENUM_CONVERSION = YES;
				CLANG_WARN_INFINITE_RECURSION = YES;
				CLANG_WARN_INT_CONVERSION = YES;
				CLANG_WARN_NON_LITERAL_NULL_CONVERSION = YES;
				CLANG_WARN_OBJC_LITERAL_CONVERSION = YES;
				CLANG_WARN_OBJC_ROOT_CLASS = YES_ERROR;
				CLANG_WARN_RANGE_LOOP_ANALYSIS = YES;
				CLANG_WARN_STRICT_PROTOTYPES = YES;
				CLANG_WARN_SUSPICIOUS_MOVE = YES;
				CLANG_WARN_UNGUARDED_AVAILABILITY = YES_AGGRESSIVE;
				CLANG_WARN_UNREACHABLE_CODE = YES;
				CLANG_WARN__DUPLICATE_METHOD_MATCH = YES;
				CODE_SIGN_IDENTITY = "iPhone Developer";
				COPY_PHASE_STRIP = NO;
				DEBUG_INFORMATION_FORMAT = dwarf;
				ENABLE_STRICT_OBJC_MSGSEND = YES;
				ENABLE_TESTABILITY = YES;
				GCC_C_LANGUAGE_STANDARD = gnu11;
				GCC_DYNAMIC_NO_PIC = NO;
				GCC_NO_COMMON_BLOCKS = YES;
				GCC_OPTIMIZATION_LEVEL = 0;
				GCC_PREPROCESSOR_DEFINITIONS = (
					"DEBUG=1",
					"$(inherited)",
				);
				GCC_WARN_64_TO_32_BIT_CONVERSION = YES;
				GCC_WARN_ABOUT_RETURN_TYPE = YES_ERROR;
				GCC_WARN_UNDECLARED_SELECTOR = YES;
				GCC_WARN_UNINITIALIZED_AUTOS = YES_AGGRESSIVE;
				GCC_WARN_UNUSED_FUNCTION = YES;
				GCC_WARN_UNUSED_VARIABLE = YES;
				IPHONEOS_DEPLOYMENT_TARGET = 11.0;
				MTL_ENABLE_DEBUG_INFO = YES;
				ONLY_ACTIVE_ARCH = YES;
				SDKROOT = iphoneos;
			};
			name = Debug;
		};
		3FF347021F90C064001F34C7 /* Release */ = {
			isa = XCBuildConfiguration;
			buildSettings = {
				ALWAYS_SEARCH_USER_PATHS = NO;
				CLANG_ANALYZER_NONNULL = YES;
				CLANG_ANALYZER_NUMBER_OBJECT_CONVERSION = YES_AGGRESSIVE;
				CLANG_CXX_LANGUAGE_STANDARD = "gnu++14";
				CLANG_CXX_LIBRARY = "libc++";
				CLANG_ENABLE_MODULES = YES;
				CLANG_ENABLE_OBJC_ARC = YES;
				CLANG_WARN_BLOCK_CAPTURE_AUTORELEASING = YES;
				CLANG_WARN_BOOL_CONVERSION = YES;
				CLANG_WARN_COMMA = YES;
				CLANG_WARN_CONSTANT_CONVERSION = YES;
				CLANG_WARN_DIRECT_OBJC_ISA_USAGE = YES_ERROR;
				CLANG_WARN_DOCUMENTATION_COMMENTS = YES;
				CLANG_WARN_EMPTY_BODY = YES;
				CLANG_WARN_ENUM_CONVERSION = YES;
				CLANG_WARN_INFINITE_RECURSION = YES;
				CLANG_WARN_INT_CONVERSION = YES;
				CLANG_WARN_NON_LITERAL_NULL_CONVERSION = YES;
				CLANG_WARN_OBJC_LITERAL_CONVERSION = YES;
				CLANG_WARN_OBJC_ROOT_CLASS = YES_ERROR;
				CLANG_WARN_RANGE_LOOP_ANALYSIS = YES;
				CLANG_WARN_STRICT_PROTOTYPES = YES;
				CLANG_WARN_SUSPICIOUS_MOVE = YES;
				CLANG_WARN_UNGUARDED_AVAILABILITY = YES_AGGRESSIVE;
				CLANG_WARN_UNREACHABLE_CODE = YES;
				CLANG_WARN__DUPLICATE_METHOD_MATCH = YES;
				CODE_SIGN_IDENTITY = "iPhone Developer";
				COPY_PHASE_STRIP = NO;
				DEBUG_INFORMATION_FORMAT = "dwarf-with-dsym";
				ENABLE_NS_ASSERTIONS = NO;
				ENABLE_STRICT_OBJC_MSGSEND = YES;
				GCC_C_LANGUAGE_STANDARD = gnu11;
				GCC_NO_COMMON_BLOCKS = YES;
				GCC_WARN_64_TO_32_BIT_CONVERSION = YES;
				GCC_WARN_ABOUT_RETURN_TYPE = YES_ERROR;
				GCC_WARN_UNDECLARED_SELECTOR = YES;
				GCC_WARN_UNINITIALIZED_AUTOS = YES_AGGRESSIVE;
				GCC_WARN_UNUSED_FUNCTION = YES;
				GCC_WARN_UNUSED_VARIABLE = YES;
				IPHONEOS_DEPLOYMENT_TARGET = 11.0;
				MTL_ENABLE_DEBUG_INFO = NO;
				SDKROOT = iphoneos;
				VALIDATE_PRODUCT = YES;
			};
			name = Release;
		};
		3FF347041F90C064001F34C7 /* Debug */ = {
			isa = XCBuildConfiguration;
			baseConfigurationReference = 2F371B18603A6D3C945E57C2 /* Pods-IpsLocation_Demo.debug.xcconfig */;
			buildSettings = {
				ASSETCATALOG_COMPILER_APPICON_NAME = AppIcon;
				CODE_SIGN_STYLE = Automatic;
				DEVELOPMENT_TEAM = G3KRMQC7T9;
				INFOPLIST_FILE = IpsLocation_Demo/Info.plist;
				IPHONEOS_DEPLOYMENT_TARGET = 8.0;
				LD_RUNPATH_SEARCH_PATHS = "$(inherited) @executable_path/Frameworks";
				PRODUCT_BUNDLE_IDENTIFIER = "com.Ipsmap.IpsLocation-Demo.IpsLocation-Demo";
				PRODUCT_NAME = "$(TARGET_NAME)";
				TARGETED_DEVICE_FAMILY = "1,2";
			};
			name = Debug;
		};
		3FF347051F90C064001F34C7 /* Release */ = {
			isa = XCBuildConfiguration;
			baseConfigurationReference = 035F39830085C95243B14573 /* Pods-IpsLocation_Demo.release.xcconfig */;
			buildSettings = {
				ASSETCATALOG_COMPILER_APPICON_NAME = AppIcon;
				CODE_SIGN_STYLE = Automatic;
				DEVELOPMENT_TEAM = G3KRMQC7T9;
				INFOPLIST_FILE = IpsLocation_Demo/Info.plist;
				IPHONEOS_DEPLOYMENT_TARGET = 8.0;
				LD_RUNPATH_SEARCH_PATHS = "$(inherited) @executable_path/Frameworks";
				PRODUCT_BUNDLE_IDENTIFIER = "com.Ipsmap.IpsLocation-Demo.IpsLocation-Demo";
				PRODUCT_NAME = "$(TARGET_NAME)";
				TARGETED_DEVICE_FAMILY = "1,2";
			};
			name = Release;
		};
/* End XCBuildConfiguration section */

/* Begin XCConfigurationList section */
		3FF346E81F90C064001F34C7 /* Build configuration list for PBXProject "IpsLocation_Demo" */ = {
			isa = XCConfigurationList;
			buildConfigurations = (
				3FF347011F90C064001F34C7 /* Debug */,
				3FF347021F90C064001F34C7 /* Release */,
			);
			defaultConfigurationIsVisible = 0;
			defaultConfigurationName = Release;
		};
		3FF347031F90C064001F34C7 /* Build configuration list for PBXNativeTarget "IpsLocation_Demo" */ = {
			isa = XCConfigurationList;
			buildConfigurations = (
				3FF347041F90C064001F34C7 /* Debug */,
				3FF347051F90C064001F34C7 /* Release */,
			);
			defaultConfigurationIsVisible = 0;
			defaultConfigurationName = Release;
		};
/* End XCConfigurationList section */
	};
	rootObject = 3FF346E51F90C064001F34C7 /* Project object */;
}
